
Microsoft Visual Studio Solution File, Format Version 12.00
# Visual Studio 15
VisualStudioVersion = 15.0.27703.2035
MinimumVisualStudioVersion = 10.0.40219.1
Project("{FAE04EC0-301F-11D3-BF4B-00C04F79EFBC}") = "Xamarin.CardsView.Android", "Xamarin.CardsView\Xamarin.CardsView.Android\Xamarin.CardsView.Android.csproj", "{47FC25E9-4CC6-4A33-B285-C3C24D4A69C0}"
EndProject
Project("{FAE04EC0-301F-11D3-BF4B-00C04F79EFBC}") = "Xamarin.CardsView.iOS", "Xamarin.CardsView\Xamarin.CardsView.iOS\Xamarin.CardsView.iOS.csproj", "{B6C2ADCB-456A-4C0A-BA91-A34B43D29A17}"
EndProject
Project("{FAE04EC0-301F-11D3-BF4B-00C04F79EFBC}") = "Xamarin.CardsView.UWP", "Xamarin.CardsView\Xamarin.CardsView.UWP\Xamarin.CardsView.UWP.csproj", "{E3F87D1A-94EA-41B2-920B-588F94B3A8D0}"
EndProject
Project("{FAE04EC0-301F-11D3-BF4B-00C04F79EFBC}") = "Xamarin.CardsView", "Xamarin.CardsView\Xamarin.CardsView\Xamarin.CardsView.csproj", "{A08C9F42-4DAC-4DA1-B3C9-3CE3E046ECE6}"
EndProject
Global
	GlobalSection(SolutionConfigurationPlatforms) = preSolution
		Ad-Hoc|Any CPU = Ad-Hoc|Any CPU
		Ad-Hoc|ARM = Ad-Hoc|ARM
		Ad-Hoc|iPhone = Ad-Hoc|iPhone
		Ad-Hoc|iPhoneSimulator = Ad-Hoc|iPhoneSimulator
		Ad-Hoc|x64 = Ad-Hoc|x64
		Ad-Hoc|x86 = Ad-Hoc|x86
		AppStore|Any CPU = AppStore|Any CPU
		AppStore|ARM = AppStore|ARM
		AppStore|iPhone = AppStore|iPhone
		AppStore|iPhoneSimulator = AppStore|iPhoneSimulator
		AppStore|x64 = AppStore|x64
		AppStore|x86 = AppStore|x86
		Debug|Any CPU = Debug|Any CPU
		Debug|ARM = Debug|ARM
		Debug|iPhone = Debug|iPhone
		Debug|iPhoneSimulator = Debug|iPhoneSimulator
		Debug|x64 = Debug|x64
		Debug|x86 = Debug|x86
		Release|Any CPU = Release|Any CPU
		Release|ARM = Release|ARM
		Release|iPhone = Release|iPhone
		Release|iPhoneSimulator = Release|iPhoneSimulator
		Release|x64 = Release|x64
		Release|x86 = Release|x86
	EndGlobalSection
	GlobalSection(ProjectConfigurationPlatforms) = postSolution
		{47FC25E9-4CC6-4A33-B285-C3C24D4A69C0}.Ad-Hoc|Any CPU.ActiveCfg = Release|Any CPU
		{47FC25E9-4CC6-4A33-B285-C3C24D4A69C0}.Ad-Hoc|Any CPU.Build.0 = Release|Any CPU
		{47FC25E9-4CC6-4A33-B285-C3C24D4A69C0}.Ad-Hoc|Any CPU.Deploy.0 = Release|Any CPU
		{47FC25E9-4CC6-4A33-B285-C3C24D4A69C0}.Ad-Hoc|ARM.ActiveCfg = Release|Any CPU
		{47FC25E9-4CC6-4A33-B285-C3C24D4A69C0}.Ad-Hoc|ARM.Build.0 = Release|Any CPU
		{47FC25E9-4CC6-4A33-B285-C3C24D4A69C0}.Ad-Hoc|ARM.Deploy.0 = Release|Any CPU
		{47FC25E9-4CC6-4A33-B285-C3C24D4A69C0}.Ad-Hoc|iPhone.ActiveCfg = Release|Any CPU
		{47FC25E9-4CC6-4A33-B285-C3C24D4A69C0}.Ad-Hoc|iPhone.Build.0 = Release|Any CPU
		{47FC25E9-4CC6-4A33-B285-C3C24D4A69C0}.Ad-Hoc|iPhone.Deploy.0 = Release|Any CPU
		{47FC25E9-4CC6-4A33-B285-C3C24D4A69C0}.Ad-Hoc|iPhoneSimulator.ActiveCfg = Release|Any CPU
		{47FC25E9-4CC6-4A33-B285-C3C24D4A69C0}.Ad-Hoc|iPhoneSimulator.Build.0 = Release|Any CPU
		{47FC25E9-4CC6-4A33-B285-C3C24D4A69C0}.Ad-Hoc|iPhoneSimulator.Deploy.0 = Release|Any CPU
		{47FC25E9-4CC6-4A33-B285-C3C24D4A69C0}.Ad-Hoc|x64.ActiveCfg = Release|Any CPU
		{47FC25E9-4CC6-4A33-B285-C3C24D4A69C0}.Ad-Hoc|x64.Build.0 = Release|Any CPU
		{47FC25E9-4CC6-4A33-B285-C3C24D4A69C0}.Ad-Hoc|x64.Deploy.0 = Release|Any CPU
		{47FC25E9-4CC6-4A33-B285-C3C24D4A69C0}.Ad-Hoc|x86.ActiveCfg = Release|Any CPU
		{47FC25E9-4CC6-4A33-B285-C3C24D4A69C0}.Ad-Hoc|x86.Build.0 = Release|Any CPU
		{47FC25E9-4CC6-4A33-B285-C3C24D4A69C0}.Ad-Hoc|x86.Deploy.0 = Release|Any CPU
		{47FC25E9-4CC6-4A33-B285-C3C24D4A69C0}.AppStore|Any CPU.ActiveCfg = Release|Any CPU
		{47FC25E9-4CC6-4A33-B285-C3C24D4A69C0}.AppStore|Any CPU.Build.0 = Release|Any CPU
		{47FC25E9-4CC6-4A33-B285-C3C24D4A69C0}.AppStore|Any CPU.Deploy.0 = Release|Any CPU
		{47FC25E9-4CC6-4A33-B285-C3C24D4A69C0}.AppStore|ARM.ActiveCfg = Release|Any CPU
		{47FC25E9-4CC6-4A33-B285-C3C24D4A69C0}.AppStore|ARM.Build.0 = Release|Any CPU
		{47FC25E9-4CC6-4A33-B285-C3C24D4A69C0}.AppStore|ARM.Deploy.0 = Release|Any CPU
		{47FC25E9-4CC6-4A33-B285-C3C24D4A69C0}.AppStore|iPhone.ActiveCfg = Release|Any CPU
		{47FC25E9-4CC6-4A33-B285-C3C24D4A69C0}.AppStore|iPhone.Build.0 = Release|Any CPU
		{47FC25E9-4CC6-4A33-B285-C3C24D4A69C0}.AppStore|iPhone.Deploy.0 = Release|Any CPU
		{47FC25E9-4CC6-4A33-B285-C3C24D4A69C0}.AppStore|iPhoneSimulator.ActiveCfg = Release|Any CPU
		{47FC25E9-4CC6-4A33-B285-C3C24D4A69C0}.AppStore|iPhoneSimulator.Build.0 = Release|Any CPU
		{47FC25E9-4CC6-4A33-B285-C3C24D4A69C0}.AppStore|iPhoneSimulator.Deploy.0 = Release|Any CPU
		{47FC25E9-4CC6-4A33-B285-C3C24D4A69C0}.AppStore|x64.ActiveCfg = Release|Any CPU
		{47FC25E9-4CC6-4A33-B285-C3C24D4A69C0}.AppStore|x64.Build.0 = Release|Any CPU
		{47FC25E9-4CC6-4A33-B285-C3C24D4A69C0}.AppStore|x64.Deploy.0 = Release|Any CPU
		{47FC25E9-4CC6-4A33-B285-C3C24D4A69C0}.AppStore|x86.ActiveCfg = Release|Any CPU
		{47FC25E9-4CC6-4A33-B285-C3C24D4A69C0}.AppStore|x86.Build.0 = Release|Any CPU
		{47FC25E9-4CC6-4A33-B285-C3C24D4A69C0}.AppStore|x86.Deploy.0 = Release|Any CPU
		{47FC25E9-4CC6-4A33-B285-C3C24D4A69C0}.Debug|Any CPU.ActiveCfg = Debug|Any CPU
		{47FC25E9-4CC6-4A33-B285-C3C24D4A69C0}.Debug|Any CPU.Build.0 = Debug|Any CPU
		{47FC25E9-4CC6-4A33-B285-C3C24D4A69C0}.Debug|Any CPU.Deploy.0 = Debug|Any CPU
		{47FC25E9-4CC6-4A33-B285-C3C24D4A69C0}.Debug|ARM.ActiveCfg = Debug|Any CPU
		{47FC25E9-4CC6-4A33-B285-C3C24D4A69C0}.Debug|ARM.Build.0 = Debug|Any CPU
		{47FC25E9-4CC6-4A33-B285-C3C24D4A69C0}.Debug|ARM.Deploy.0 = Debug|Any CPU
		{47FC25E9-4CC6-4A33-B285-C3C24D4A69C0}.Debug|iPhone.ActiveCfg = Debug|Any CPU
		{47FC25E9-4CC6-4A33-B285-C3C24D4A69C0}.Debug|iPhone.Build.0 = Debug|Any CPU
		{47FC25E9-4CC6-4A33-B285-C3C24D4A69C0}.Debug|iPhone.Deploy.0 = Debug|Any CPU
		{47FC25E9-4CC6-4A33-B285-C3C24D4A69C0}.Debug|iPhoneSimulator.ActiveCfg = Debug|Any CPU
		{47FC25E9-4CC6-4A33-B285-C3C24D4A69C0}.Debug|iPhoneSimulator.Build.0 = Debug|Any CPU
		{47FC25E9-4CC6-4A33-B285-C3C24D4A69C0}.Debug|iPhoneSimulator.Deploy.0 = Debug|Any CPU
		{47FC25E9-4CC6-4A33-B285-C3C24D4A69C0}.Debug|x64.ActiveCfg = Debug|Any CPU
		{47FC25E9-4CC6-4A33-B285-C3C24D4A69C0}.Debug|x64.Build.0 = Debug|Any CPU
		{47FC25E9-4CC6-4A33-B285-C3C24D4A69C0}.Debug|x64.Deploy.0 = Debug|Any CPU
		{47FC25E9-4CC6-4A33-B285-C3C24D4A69C0}.Debug|x86.ActiveCfg = Debug|Any CPU
		{47FC25E9-4CC6-4A33-B285-C3C24D4A69C0}.Debug|x86.Build.0 = Debug|Any CPU
		{47FC25E9-4CC6-4A33-B285-C3C24D4A69C0}.Debug|x86.Deploy.0 = Debug|Any CPU
		{47FC25E9-4CC6-4A33-B285-C3C24D4A69C0}.Release|Any CPU.ActiveCfg = Release|Any CPU
		{47FC25E9-4CC6-4A33-B285-C3C24D4A69C0}.Release|Any CPU.Build.0 = Release|Any CPU
		{47FC25E9-4CC6-4A33-B285-C3C24D4A69C0}.Release|Any CPU.Deploy.0 = Release|Any CPU
		{47FC25E9-4CC6-4A33-B285-C3C24D4A69C0}.Release|ARM.ActiveCfg = Release|Any CPU
		{47FC25E9-4CC6-4A33-B285-C3C24D4A69C0}.Release|ARM.Build.0 = Release|Any CPU
		{47FC25E9-4CC6-4A33-B285-C3C24D4A69C0}.Release|ARM.Deploy.0 = Release|Any CPU
		{47FC25E9-4CC6-4A33-B285-C3C24D4A69C0}.Release|iPhone.ActiveCfg = Release|Any CPU
		{47FC25E9-4CC6-4A33-B285-C3C24D4A69C0}.Release|iPhone.Build.0 = Release|Any CPU
		{47FC25E9-4CC6-4A33-B285-C3C24D4A69C0}.Release|iPhone.Deploy.0 = Release|Any CPU
		{47FC25E9-4CC6-4A33-B285-C3C24D4A69C0}.Release|iPhoneSimulator.ActiveCfg = Release|Any CPU
		{47FC25E9-4CC6-4A33-B285-C3C24D4A69C0}.Release|iPhoneSimulator.Build.0 = Release|Any CPU
		{47FC25E9-4CC6-4A33-B285-C3C24D4A69C0}.Release|iPhoneSimulator.Deploy.0 = Release|Any CPU
		{47FC25E9-4CC6-4A33-B285-C3C24D4A69C0}.Release|x64.ActiveCfg = Release|Any CPU
		{47FC25E9-4CC6-4A33-B285-C3C24D4A69C0}.Release|x64.Build.0 = Release|Any CPU
		{47FC25E9-4CC6-4A33-B285-C3C24D4A69C0}.Release|x64.Deploy.0 = Release|Any CPU
		{47FC25E9-4CC6-4A33-B285-C3C24D4A69C0}.Release|x86.ActiveCfg = Release|Any CPU
		{47FC25E9-4CC6-4A33-B285-C3C24D4A69C0}.Release|x86.Build.0 = Release|Any CPU
		{47FC25E9-4CC6-4A33-B285-C3C24D4A69C0}.Release|x86.Deploy.0 = Release|Any CPU
		{B6C2ADCB-456A-4C0A-BA91-A34B43D29A17}.Ad-Hoc|Any CPU.ActiveCfg = Ad-Hoc|iPhone
		{B6C2ADCB-456A-4C0A-BA91-A34B43D29A17}.Ad-Hoc|Any CPU.Build.0 = Ad-Hoc|iPhone
		{B6C2ADCB-456A-4C0A-BA91-A34B43D29A17}.Ad-Hoc|Any CPU.Deploy.0 = Ad-Hoc|iPhone
		{B6C2ADCB-456A-4C0A-BA91-A34B43D29A17}.Ad-Hoc|ARM.ActiveCfg = Ad-Hoc|iPhone
		{B6C2ADCB-456A-4C0A-BA91-A34B43D29A17}.Ad-Hoc|ARM.Build.0 = Ad-Hoc|iPhone
		{B6C2ADCB-456A-4C0A-BA91-A34B43D29A17}.Ad-Hoc|ARM.Deploy.0 = Ad-Hoc|iPhone
		{B6C2ADCB-456A-4C0A-BA91-A34B43D29A17}.Ad-Hoc|iPhone.ActiveCfg = Ad-Hoc|iPhone
		{B6C2ADCB-456A-4C0A-BA91-A34B43D29A17}.Ad-Hoc|iPhone.Build.0 = Ad-Hoc|iPhone
		{B6C2ADCB-456A-4C0A-BA91-A34B43D29A17}.Ad-Hoc|iPhone.Deploy.0 = Ad-Hoc|iPhone
		{B6C2ADCB-456A-4C0A-BA91-A34B43D29A17}.Ad-Hoc|iPhoneSimulator.ActiveCfg = Ad-Hoc|iPhoneSimulator
		{B6C2ADCB-456A-4C0A-BA91-A34B43D29A17}.Ad-Hoc|iPhoneSimulator.Build.0 = Ad-Hoc|iPhoneSimulator
		{B6C2ADCB-456A-4C0A-BA91-A34B43D29A17}.Ad-Hoc|iPhoneSimulator.Deploy.0 = Ad-Hoc|iPhoneSimulator
		{B6C2ADCB-456A-4C0A-BA91-A34B43D29A17}.Ad-Hoc|x64.ActiveCfg = Ad-Hoc|iPhone
		{B6C2ADCB-456A-4C0A-BA91-A34B43D29A17}.Ad-Hoc|x64.Build.0 = Ad-Hoc|iPhone
		{B6C2ADCB-456A-4C0A-BA91-A34B43D29A17}.Ad-Hoc|x64.Deploy.0 = Ad-Hoc|iPhone
		{B6C2ADCB-456A-4C0A-BA91-A34B43D29A17}.Ad-Hoc|x86.ActiveCfg = Ad-Hoc|iPhone
		{B6C2ADCB-456A-4C0A-BA91-A34B43D29A17}.Ad-Hoc|x86.Build.0 = Ad-Hoc|iPhone
		{B6C2ADCB-456A-4C0A-BA91-A34B43D29A17}.Ad-Hoc|x86.Deploy.0 = Ad-Hoc|iPhone
		{B6C2ADCB-456A-4C0A-BA91-A34B43D29A17}.AppStore|Any CPU.ActiveCfg = AppStore|iPhone
		{B6C2ADCB-456A-4C0A-BA91-A34B43D29A17}.AppStore|Any CPU.Build.0 = AppStore|iPhone
		{B6C2ADCB-456A-4C0A-BA91-A34B43D29A17}.AppStore|Any CPU.Deploy.0 = AppStore|iPhone
		{B6C2ADCB-456A-4C0A-BA91-A34B43D29A17}.AppStore|ARM.ActiveCfg = AppStore|iPhone
		{B6C2ADCB-456A-4C0A-BA91-A34B43D29A17}.AppStore|ARM.Build.0 = AppStore|iPhone
		{B6C2ADCB-456A-4C0A-BA91-A34B43D29A17}.AppStore|ARM.Deploy.0 = AppStore|iPhone
		{B6C2ADCB-456A-4C0A-BA91-A34B43D29A17}.AppStore|iPhone.ActiveCfg = AppStore|iPhone
		{B6C2ADCB-456A-4C0A-BA91-A34B43D29A17}.AppStore|iPhone.Build.0 = AppStore|iPhone
		{B6C2ADCB-456A-4C0A-BA91-A34B43D29A17}.AppStore|iPhone.Deploy.0 = AppStore|iPhone
		{B6C2ADCB-456A-4C0A-BA91-A34B43D29A17}.AppStore|iPhoneSimulator.ActiveCfg = AppStore|iPhoneSimulator
		{B6C2ADCB-456A-4C0A-BA91-A34B43D29A17}.AppStore|iPhoneSimulator.Build.0 = AppStore|iPhoneSimulator
		{B6C2ADCB-456A-4C0A-BA91-A34B43D29A17}.AppStore|iPhoneSimulator.Deploy.0 = AppStore|iPhoneSimulator
		{B6C2ADCB-456A-4C0A-BA91-A34B43D29A17}.AppStore|x64.ActiveCfg = AppStore|iPhone
		{B6C2ADCB-456A-4C0A-BA91-A34B43D29A17}.AppStore|x64.Build.0 = AppStore|iPhone
		{B6C2ADCB-456A-4C0A-BA91-A34B43D29A17}.AppStore|x64.Deploy.0 = AppStore|iPhone
		{B6C2ADCB-456A-4C0A-BA91-A34B43D29A17}.AppStore|x86.ActiveCfg = AppStore|iPhone
		{B6C2ADCB-456A-4C0A-BA91-A34B43D29A17}.AppStore|x86.Build.0 = AppStore|iPhone
		{B6C2ADCB-456A-4C0A-BA91-A34B43D29A17}.AppStore|x86.Deploy.0 = AppStore|iPhone
		{B6C2ADCB-456A-4C0A-BA91-A34B43D29A17}.Debug|Any CPU.ActiveCfg = Debug|iPhoneSimulator
		{B6C2ADCB-456A-4C0A-BA91-A34B43D29A17}.Debug|Any CPU.Build.0 = Debug|iPhoneSimulator
		{B6C2ADCB-456A-4C0A-BA91-A34B43D29A17}.Debug|Any CPU.Deploy.0 = Debug|iPhoneSimulator
		{B6C2ADCB-456A-4C0A-BA91-A34B43D29A17}.Debug|ARM.ActiveCfg = Debug|iPhone
		{B6C2ADCB-456A-4C0A-BA91-A34B43D29A17}.Debug|ARM.Build.0 = Debug|iPhone
		{B6C2ADCB-456A-4C0A-BA91-A34B43D29A17}.Debug|ARM.Deploy.0 = Debug|iPhone
		{B6C2ADCB-456A-4C0A-BA91-A34B43D29A17}.Debug|iPhone.ActiveCfg = Debug|iPhone
		{B6C2ADCB-456A-4C0A-BA91-A34B43D29A17}.Debug|iPhone.Build.0 = Debug|iPhone
		{B6C2ADCB-456A-4C0A-BA91-A34B43D29A17}.Debug|iPhone.Deploy.0 = Debug|iPhone
		{B6C2ADCB-456A-4C0A-BA91-A34B43D29A17}.Debug|iPhoneSimulator.ActiveCfg = Debug|iPhoneSimulator
		{B6C2ADCB-456A-4C0A-BA91-A34B43D29A17}.Debug|iPhoneSimulator.Build.0 = Debug|iPhoneSimulator
		{B6C2ADCB-456A-4C0A-BA91-A34B43D29A17}.Debug|iPhoneSimulator.Deploy.0 = Debug|iPhoneSimulator
		{B6C2ADCB-456A-4C0A-BA91-A34B43D29A17}.Debug|x64.ActiveCfg = Debug|iPhone
		{B6C2ADCB-456A-4C0A-BA91-A34B43D29A17}.Debug|x64.Build.0 = Debug|iPhone
		{B6C2ADCB-456A-4C0A-BA91-A34B43D29A17}.Debug|x64.Deploy.0 = Debug|iPhone
		{B6C2ADCB-456A-4C0A-BA91-A34B43D29A17}.Debug|x86.ActiveCfg = Debug|iPhone
		{B6C2ADCB-456A-4C0A-BA91-A34B43D29A17}.Debug|x86.Build.0 = Debug|iPhone
		{B6C2ADCB-456A-4C0A-BA91-A34B43D29A17}.Debug|x86.Deploy.0 = Debug|iPhone
		{B6C2ADCB-456A-4C0A-BA91-A34B43D29A17}.Release|Any CPU.ActiveCfg = Release|iPhone
		{B6C2ADCB-456A-4C0A-BA91-A34B43D29A17}.Release|Any CPU.Build.0 = Release|iPhone
		{B6C2ADCB-456A-4C0A-BA91-A34B43D29A17}.Release|Any CPU.Deploy.0 = Release|iPhone
		{B6C2ADCB-456A-4C0A-BA91-A34B43D29A17}.Release|ARM.ActiveCfg = Release|iPhone
		{B6C2ADCB-456A-4C0A-BA91-A34B43D29A17}.Release|ARM.Build.0 = Release|iPhone
		{B6C2ADCB-456A-4C0A-BA91-A34B43D29A17}.Release|ARM.Deploy.0 = Release|iPhone
		{B6C2ADCB-456A-4C0A-BA91-A34B43D29A17}.Release|iPhone.ActiveCfg = Release|iPhone
		{B6C2ADCB-456A-4C0A-BA91-A34B43D29A17}.Release|iPhone.Build.0 = Release|iPhone
		{B6C2ADCB-456A-4C0A-BA91-A34B43D29A17}.Release|iPhone.Deploy.0 = Release|iPhone
		{B6C2ADCB-456A-4C0A-BA91-A34B43D29A17}.Release|iPhoneSimulator.ActiveCfg = Release|iPhoneSimulator
		{B6C2ADCB-456A-4C0A-BA91-A34B43D29A17}.Release|iPhoneSimulator.Build.0 = Release|iPhoneSimulator
		{B6C2ADCB-456A-4C0A-BA91-A34B43D29A17}.Release|iPhoneSimulator.Deploy.0 = Release|iPhoneSimulator
		{B6C2ADCB-456A-4C0A-BA91-A34B43D29A17}.Release|x64.ActiveCfg = Release|iPhone
		{B6C2ADCB-456A-4C0A-BA91-A34B43D29A17}.Release|x64.Build.0 = Release|iPhone
		{B6C2ADCB-456A-4C0A-BA91-A34B43D29A17}.Release|x64.Deploy.0 = Release|iPhone
		{B6C2ADCB-456A-4C0A-BA91-A34B43D29A17}.Release|x86.ActiveCfg = Release|iPhone
		{B6C2ADCB-456A-4C0A-BA91-A34B43D29A17}.Release|x86.Build.0 = Release|iPhone
		{B6C2ADCB-456A-4C0A-BA91-A34B43D29A17}.Release|x86.Deploy.0 = Release|iPhone
		{E3F87D1A-94EA-41B2-920B-588F94B3A8D0}.Ad-Hoc|Any CPU.ActiveCfg = Release|x86
		{E3F87D1A-94EA-41B2-920B-588F94B3A8D0}.Ad-Hoc|Any CPU.Build.0 = Release|x86
		{E3F87D1A-94EA-41B2-920B-588F94B3A8D0}.Ad-Hoc|Any CPU.Deploy.0 = Release|x86
		{E3F87D1A-94EA-41B2-920B-588F94B3A8D0}.Ad-Hoc|ARM.ActiveCfg = Release|ARM
		{E3F87D1A-94EA-41B2-920B-588F94B3A8D0}.Ad-Hoc|ARM.Build.0 = Release|ARM
		{E3F87D1A-94EA-41B2-920B-588F94B3A8D0}.Ad-Hoc|ARM.Deploy.0 = Release|ARM
		{E3F87D1A-94EA-41B2-920B-588F94B3A8D0}.Ad-Hoc|iPhone.ActiveCfg = Release|x86
		{E3F87D1A-94EA-41B2-920B-588F94B3A8D0}.Ad-Hoc|iPhone.Build.0 = Release|x86
		{E3F87D1A-94EA-41B2-920B-588F94B3A8D0}.Ad-Hoc|iPhone.Deploy.0 = Release|x86
		{E3F87D1A-94EA-41B2-920B-588F94B3A8D0}.Ad-Hoc|iPhoneSimulator.ActiveCfg = Release|x86
		{E3F87D1A-94EA-41B2-920B-588F94B3A8D0}.Ad-Hoc|iPhoneSimulator.Build.0 = Release|x86
		{E3F87D1A-94EA-41B2-920B-588F94B3A8D0}.Ad-Hoc|iPhoneSimulator.Deploy.0 = Release|x86
		{E3F87D1A-94EA-41B2-920B-588F94B3A8D0}.Ad-Hoc|x64.ActiveCfg = Release|x64
		{E3F87D1A-94EA-41B2-920B-588F94B3A8D0}.Ad-Hoc|x64.Build.0 = Release|x64
		{E3F87D1A-94EA-41B2-920B-588F94B3A8D0}.Ad-Hoc|x64.Deploy.0 = Release|x64
		{E3F87D1A-94EA-41B2-920B-588F94B3A8D0}.Ad-Hoc|x86.ActiveCfg = Release|x86
		{E3F87D1A-94EA-41B2-920B-588F94B3A8D0}.Ad-Hoc|x86.Build.0 = Release|x86
		{E3F87D1A-94EA-41B2-920B-588F94B3A8D0}.Ad-Hoc|x86.Deploy.0 = Release|x86
		{E3F87D1A-94EA-41B2-920B-588F94B3A8D0}.AppStore|Any CPU.ActiveCfg = Release|x86
		{E3F87D1A-94EA-41B2-920B-588F94B3A8D0}.AppStore|Any CPU.Build.0 = Release|x86
		{E3F87D1A-94EA-41B2-920B-588F94B3A8D0}.AppStore|Any CPU.Deploy.0 = Release|x86
		{E3F87D1A-94EA-41B2-920B-588F94B3A8D0}.AppStore|ARM.ActiveCfg = Release|ARM
		{E3F87D1A-94EA-41B2-920B-588F94B3A8D0}.AppStore|ARM.Build.0 = Release|ARM
		{E3F87D1A-94EA-41B2-920B-588F94B3A8D0}.AppStore|ARM.Deploy.0 = Release|ARM
		{E3F87D1A-94EA-41B2-920B-588F94B3A8D0}.AppStore|iPhone.ActiveCfg = Release|x86
		{E3F87D1A-94EA-41B2-920B-588F94B3A8D0}.AppStore|iPhone.Build.0 = Release|x86
		{E3F87D1A-94EA-41B2-920B-588F94B3A8D0}.AppStore|iPhone.Deploy.0 = Release|x86
		{E3F87D1A-94EA-41B2-920B-588F94B3A8D0}.AppStore|iPhoneSimulator.ActiveCfg = Release|x86
		{E3F87D1A-94EA-41B2-920B-588F94B3A8D0}.AppStore|iPhoneSimulator.Build.0 = Release|x86
		{E3F87D1A-94EA-41B2-920B-588F94B3A8D0}.AppStore|iPhoneSimulator.Deploy.0 = Release|x86
		{E3F87D1A-94EA-41B2-920B-588F94B3A8D0}.AppStore|x64.ActiveCfg = Release|x64
		{E3F87D1A-94EA-41B2-920B-588F94B3A8D0}.AppStore|x64.Build.0 = Release|x64
		{E3F87D1A-94EA-41B2-920B-588F94B3A8D0}.AppStore|x64.Deploy.0 = Release|x64
		{E3F87D1A-94EA-41B2-920B-588F94B3A8D0}.AppStore|x86.ActiveCfg = Release|x86
		{E3F87D1A-94EA-41B2-920B-588F94B3A8D0}.AppStore|x86.Build.0 = Release|x86
		{E3F87D1A-94EA-41B2-920B-588F94B3A8D0}.AppStore|x86.Deploy.0 = Release|x86
		{E3F87D1A-94EA-41B2-920B-588F94B3A8D0}.Debug|Any CPU.ActiveCfg = Debug|x86
		{E3F87D1A-94EA-41B2-920B-588F94B3A8D0}.Debug|Any CPU.Build.0 = Debug|x86
		{E3F87D1A-94EA-41B2-920B-588F94B3A8D0}.Debug|Any CPU.Deploy.0 = Debug|x86
		{E3F87D1A-94EA-41B2-920B-588F94B3A8D0}.Debug|ARM.ActiveCfg = Debug|ARM
		{E3F87D1A-94EA-41B2-920B-588F94B3A8D0}.Debug|ARM.Build.0 = Debug|ARM
		{E3F87D1A-94EA-41B2-920B-588F94B3A8D0}.Debug|ARM.Deploy.0 = Debug|ARM
		{E3F87D1A-94EA-41B2-920B-588F94B3A8D0}.Debug|iPhone.ActiveCfg = Debug|x86
		{E3F87D1A-94EA-41B2-920B-588F94B3A8D0}.Debug|iPhone.Build.0 = Debug|x86
		{E3F87D1A-94EA-41B2-920B-588F94B3A8D0}.Debug|iPhone.Deploy.0 = Debug|x86
		{E3F87D1A-94EA-41B2-920B-588F94B3A8D0}.Debug|iPhoneSimulator.ActiveCfg = Debug|x86
		{E3F87D1A-94EA-41B2-920B-588F94B3A8D0}.Debug|iPhoneSimulator.Build.0 = Debug|x86
		{E3F87D1A-94EA-41B2-920B-588F94B3A8D0}.Debug|iPhoneSimulator.Deploy.0 = Debug|x86
		{E3F87D1A-94EA-41B2-920B-588F94B3A8D0}.Debug|x64.ActiveCfg = Debug|x64
		{E3F87D1A-94EA-41B2-920B-588F94B3A8D0}.Debug|x64.Build.0 = Debug|x64
		{E3F87D1A-94EA-41B2-920B-588F94B3A8D0}.Debug|x64.Deploy.0 = Debug|x64
		{E3F87D1A-94EA-41B2-920B-588F94B3A8D0}.Debug|x86.ActiveCfg = Debug|x86
		{E3F87D1A-94EA-41B2-920B-588F94B3A8D0}.Debug|x86.Build.0 = Debug|x86
		{E3F87D1A-94EA-41B2-920B-588F94B3A8D0}.Debug|x86.Deploy.0 = Debug|x86
		{E3F87D1A-94EA-41B2-920B-588F94B3A8D0}.Release|Any CPU.ActiveCfg = Release|x86
		{E3F87D1A-94EA-41B2-920B-588F94B3A8D0}.Release|Any CPU.Build.0 = Release|x86
		{E3F87D1A-94EA-41B2-920B-588F94B3A8D0}.Release|Any CPU.Deploy.0 = Release|x86
		{E3F87D1A-94EA-41B2-920B-588F94B3A8D0}.Release|ARM.ActiveCfg = Release|ARM
		{E3F87D1A-94EA-41B2-920B-588F94B3A8D0}.Release|ARM.Build.0 = Release|ARM
		{E3F87D1A-94EA-41B2-920B-588F94B3A8D0}.Release|ARM.Deploy.0 = Release|ARM
		{E3F87D1A-94EA-41B2-920B-588F94B3A8D0}.Release|iPhone.ActiveCfg = Release|x86
		{E3F87D1A-94EA-41B2-920B-588F94B3A8D0}.Release|iPhone.Build.0 = Release|x86
		{E3F87D1A-94EA-41B2-920B-588F94B3A8D0}.Release|iPhone.Deploy.0 = Release|x86
		{E3F87D1A-94EA-41B2-920B-588F94B3A8D0}.Release|iPhoneSimulator.ActiveCfg = Release|x86
		{E3F87D1A-94EA-41B2-920B-588F94B3A8D0}.Release|iPhoneSimulator.Build.0 = Release|x86
		{E3F87D1A-94EA-41B2-920B-588F94B3A8D0}.Release|iPhoneSimulator.Deploy.0 = Release|x86
		{E3F87D1A-94EA-41B2-920B-588F94B3A8D0}.Release|x64.ActiveCfg = Release|x64
		{E3F87D1A-94EA-41B2-920B-588F94B3A8D0}.Release|x64.Build.0 = Release|x64
		{E3F87D1A-94EA-41B2-920B-588F94B3A8D0}.Release|x64.Deploy.0 = Release|x64
		{E3F87D1A-94EA-41B2-920B-588F94B3A8D0}.Release|x86.ActiveCfg = Release|x86
		{E3F87D1A-94EA-41B2-920B-588F94B3A8D0}.Release|x86.Build.0 = Release|x86
		{E3F87D1A-94EA-41B2-920B-588F94B3A8D0}.Release|x86.Deploy.0 = Release|x86
		{A08C9F42-4DAC-4DA1-B3C9-3CE3E046ECE6}.Ad-Hoc|Any CPU.ActiveCfg = Debug|Any CPU
		{A08C9F42-4DAC-4DA1-B3C9-3CE3E046ECE6}.Ad-Hoc|Any CPU.Build.0 = Debug|Any CPU
		{A08C9F42-4DAC-4DA1-B3C9-3CE3E046ECE6}.Ad-Hoc|Any CPU.Deploy.0 = Debug|Any CPU
		{A08C9F42-4DAC-4DA1-B3C9-3CE3E046ECE6}.Ad-Hoc|ARM.ActiveCfg = Debug|Any CPU
		{A08C9F42-4DAC-4DA1-B3C9-3CE3E046ECE6}.Ad-Hoc|ARM.Build.0 = Debug|Any CPU
		{A08C9F42-4DAC-4DA1-B3C9-3CE3E046ECE6}.Ad-Hoc|ARM.Deploy.0 = Debug|Any CPU
		{A08C9F42-4DAC-4DA1-B3C9-3CE3E046ECE6}.Ad-Hoc|iPhone.ActiveCfg = Debug|Any CPU
		{A08C9F42-4DAC-4DA1-B3C9-3CE3E046ECE6}.Ad-Hoc|iPhone.Build.0 = Debug|Any CPU
		{A08C9F42-4DAC-4DA1-B3C9-3CE3E046ECE6}.Ad-Hoc|iPhone.Deploy.0 = Debug|Any CPU
		{A08C9F42-4DAC-4DA1-B3C9-3CE3E046ECE6}.Ad-Hoc|iPhoneSimulator.ActiveCfg = Debug|Any CPU
		{A08C9F42-4DAC-4DA1-B3C9-3CE3E046ECE6}.Ad-Hoc|iPhoneSimulator.Build.0 = Debug|Any CPU
		{A08C9F42-4DAC-4DA1-B3C9-3CE3E046ECE6}.Ad-Hoc|iPhoneSimulator.Deploy.0 = Debug|Any CPU
		{A08C9F42-4DAC-4DA1-B3C9-3CE3E046ECE6}.Ad-Hoc|x64.ActiveCfg = Debug|Any CPU
		{A08C9F42-4DAC-4DA1-B3C9-3CE3E046ECE6}.Ad-Hoc|x64.Build.0 = Debug|Any CPU
		{A08C9F42-4DAC-4DA1-B3C9-3CE3E046ECE6}.Ad-Hoc|x64.Deploy.0 = Debug|Any CPU
		{A08C9F42-4DAC-4DA1-B3C9-3CE3E046ECE6}.Ad-Hoc|x86.ActiveCfg = Debug|Any CPU
		{A08C9F42-4DAC-4DA1-B3C9-3CE3E046ECE6}.Ad-Hoc|x86.Build.0 = Debug|Any CPU
		{A08C9F42-4DAC-4DA1-B3C9-3CE3E046ECE6}.Ad-Hoc|x86.Deploy.0 = Debug|Any CPU
		{A08C9F42-4DAC-4DA1-B3C9-3CE3E046ECE6}.AppStore|Any CPU.ActiveCfg = Debug|Any CPU
		{A08C9F42-4DAC-4DA1-B3C9-3CE3E046ECE6}.AppStore|Any CPU.Build.0 = Debug|Any CPU
		{A08C9F42-4DAC-4DA1-B3C9-3CE3E046ECE6}.AppStore|Any CPU.Deploy.0 = Debug|Any CPU
		{A08C9F42-4DAC-4DA1-B3C9-3CE3E046ECE6}.AppStore|ARM.ActiveCfg = Debug|Any CPU
		{A08C9F42-4DAC-4DA1-B3C9-3CE3E046ECE6}.AppStore|ARM.Build.0 = Debug|Any CPU
		{A08C9F42-4DAC-4DA1-B3C9-3CE3E046ECE6}.AppStore|ARM.Deploy.0 = Debug|Any CPU
		{A08C9F42-4DAC-4DA1-B3C9-3CE3E046ECE6}.AppStore|iPhone.ActiveCfg = Debug|Any CPU
		{A08C9F42-4DAC-4DA1-B3C9-3CE3E046ECE6}.AppStore|iPhone.Build.0 = Debug|Any CPU
		{A08C9F42-4DAC-4DA1-B3C9-3CE3E046ECE6}.AppStore|iPhone.Deploy.0 = Debug|Any CPU
		{A08C9F42-4DAC-4DA1-B3C9-3CE3E046ECE6}.AppStore|iPhoneSimulator.ActiveCfg = Debug|Any CPU
		{A08C9F42-4DAC-4DA1-B3C9-3CE3E046ECE6}.AppStore|iPhoneSimulator.Build.0 = Debug|Any CPU
		{A08C9F42-4DAC-4DA1-B3C9-3CE3E046ECE6}.AppStore|iPhoneSimulator.Deploy.0 = Debug|Any CPU
		{A08C9F42-4DAC-4DA1-B3C9-3CE3E046ECE6}.AppStore|x64.ActiveCfg = Debug|Any CPU
		{A08C9F42-4DAC-4DA1-B3C9-3CE3E046ECE6}.AppStore|x64.Build.0 = Debug|Any CPU
		{A08C9F42-4DAC-4DA1-B3C9-3CE3E046ECE6}.AppStore|x64.Deploy.0 = Debug|Any CPU
		{A08C9F42-4DAC-4DA1-B3C9-3CE3E046ECE6}.AppStore|x86.ActiveCfg = Debug|Any CPU
		{A08C9F42-4DAC-4DA1-B3C9-3CE3E046ECE6}.AppStore|x86.Build.0 = Debug|Any CPU
		{A08C9F42-4DAC-4DA1-B3C9-3CE3E046ECE6}.AppStore|x86.Deploy.0 = Debug|Any CPU
		{A08C9F42-4DAC-4DA1-B3C9-3CE3E046ECE6}.Debug|Any CPU.ActiveCfg = Debug|Any CPU
		{A08C9F42-4DAC-4DA1-B3C9-3CE3E046ECE6}.Debug|Any CPU.Build.0 = Debug|Any CPU
		{A08C9F42-4DAC-4DA1-B3C9-3CE3E046ECE6}.Debug|Any CPU.Deploy.0 = Debug|Any CPU
		{A08C9F42-4DAC-4DA1-B3C9-3CE3E046ECE6}.Debug|ARM.ActiveCfg = Debug|Any CPU
		{A08C9F42-4DAC-4DA1-B3C9-3CE3E046ECE6}.Debug|ARM.Build.0 = Debug|Any CPU
		{A08C9F42-4DAC-4DA1-B3C9-3CE3E046ECE6}.Debug|ARM.Deploy.0 = Debug|Any CPU
		{A08C9F42-4DAC-4DA1-B3C9-3CE3E046ECE6}.Debug|iPhone.ActiveCfg = Debug|Any CPU
		{A08C9F42-4DAC-4DA1-B3C9-3CE3E046ECE6}.Debug|iPhone.Build.0 = Debug|Any CPU
		{A08C9F42-4DAC-4DA1-B3C9-3CE3E046ECE6}.Debug|iPhone.Deploy.0 = Debug|Any CPU
		{A08C9F42-4DAC-4DA1-B3C9-3CE3E046ECE6}.Debug|iPhoneSimulator.ActiveCfg = Debug|Any CPU
		{A08C9F42-4DAC-4DA1-B3C9-3CE3E046ECE6}.Debug|iPhoneSimulator.Build.0 = Debug|Any CPU
		{A08C9F42-4DAC-4DA1-B3C9-3CE3E046ECE6}.Debug|iPhoneSimulator.Deploy.0 = Debug|Any CPU
		{A08C9F42-4DAC-4DA1-B3C9-3CE3E046ECE6}.Debug|x64.ActiveCfg = Debug|Any CPU
		{A08C9F42-4DAC-4DA1-B3C9-3CE3E046ECE6}.Debug|x64.Build.0 = Debug|Any CPU
		{A08C9F42-4DAC-4DA1-B3C9-3CE3E046ECE6}.Debug|x64.Deploy.0 = Debug|Any CPU
		{A08C9F42-4DAC-4DA1-B3C9-3CE3E046ECE6}.Debug|x86.ActiveCfg = Debug|Any CPU
		{A08C9F42-4DAC-4DA1-B3C9-3CE3E046ECE6}.Debug|x86.Build.0 = Debug|Any CPU
		{A08C9F42-4DAC-4DA1-B3C9-3CE3E046ECE6}.Debug|x86.Deploy.0 = Debug|Any CPU
		{A08C9F42-4DAC-4DA1-B3C9-3CE3E046ECE6}.Release|Any CPU.ActiveCfg = Release|Any CPU
		{A08C9F42-4DAC-4DA1-B3C9-3CE3E046ECE6}.Release|Any CPU.Build.0 = Release|Any CPU
		{A08C9F42-4DAC-4DA1-B3C9-3CE3E046ECE6}.Release|Any CPU.Deploy.0 = Release|Any CPU
		{A08C9F42-4DAC-4DA1-B3C9-3CE3E046ECE6}.Release|ARM.ActiveCfg = Release|Any CPU
		{A08C9F42-4DAC-4DA1-B3C9-3CE3E046ECE6}.Release|ARM.Build.0 = Release|Any CPU
		{A08C9F42-4DAC-4DA1-B3C9-3CE3E046ECE6}.Release|ARM.Deploy.0 = Release|Any CPU
		{A08C9F42-4DAC-4DA1-B3C9-3CE3E046ECE6}.Release|iPhone.ActiveCfg = Release|Any CPU
		{A08C9F42-4DAC-4DA1-B3C9-3CE3E046ECE6}.Release|iPhone.Build.0 = Release|Any CPU
		{A08C9F42-4DAC-4DA1-B3C9-3CE3E046ECE6}.Release|iPhone.Deploy.0 = Release|Any CPU
		{A08C9F42-4DAC-4DA1-B3C9-3CE3E046ECE6}.Release|iPhoneSimulator.ActiveCfg = Release|Any CPU
		{A08C9F42-4DAC-4DA1-B3C9-3CE3E046ECE6}.Release|iPhoneSimulator.Build.0 = Release|Any CPU
		{A08C9F42-4DAC-4DA1-B3C9-3CE3E046ECE6}.Release|iPhoneSimulator.Deploy.0 = Release|Any CPU
		{A08C9F42-4DAC-4DA1-B3C9-3CE3E046ECE6}.Release|x64.ActiveCfg = Release|Any CPU
		{A08C9F42-4DAC-4DA1-B3C9-3CE3E046ECE6}.Release|x64.Build.0 = Release|Any CPU
		{A08C9F42-4DAC-4DA1-B3C9-3CE3E046ECE6}.Release|x64.Deploy.0 = Release|Any CPU
		{A08C9F42-4DAC-4DA1-B3C9-3CE3E046ECE6}.Release|x86.ActiveCfg = Release|Any CPU
		{A08C9F42-4DAC-4DA1-B3C9-3CE3E046ECE6}.Release|x86.Build.0 = Release|Any CPU
		{A08C9F42-4DAC-4DA1-B3C9-3CE3E046ECE6}.Release|x86.Deploy.0 = Release|Any CPU
	EndGlobalSection
	GlobalSection(SolutionProperties) = preSolution
		HideSolutionNode = FALSE
	EndGlobalSection
	GlobalSection(ExtensibilityGlobals) = postSolution
		SolutionGuid = {A992C113-EACB-48C0-A5C5-423DFDB88670}
	EndGlobalSection
EndGlobal
